
Microsoft Visual Studio Solution File, Format Version 12.00
# Visual Studio Version 17
VisualStudioVersion = 17.2.32616.157
MinimumVisualStudioVersion = 10.0.40219.1
Project("{9A19103F-16F7-4668-BE54-9A1E7A4F7556}") = "ConferencePlanner5.0", "ConferencePlanner5.0.csproj", "{13ABA03A-7E2C-49E0-8FA3-F31028AC82C6}"
EndProject
Global
	GlobalSection(SolutionConfigurationPlatforms) = preSolution
		Debug|Any CPU = Debug|Any CPU
		Release|Any CPU = Release|Any CPU
	EndGlobalSection
	GlobalSection(ProjectConfigurationPlatforms) = postSolution
		{13ABA03A-7E2C-49E0-8FA3-F31028AC82C6}.Debug|Any CPU.ActiveCfg = Debug|Any CPU
		{13ABA03A-7E2C-49E0-8FA3-F31028AC82C6}.Debug|Any CPU.Build.0 = Debug|Any CPU
		{13ABA03A-7E2C-49E0-8FA3-F31028AC82C6}.Release|Any CPU.ActiveCfg = Release|Any CPU
		{13ABA03A-7E2C-49E0-8FA3-F31028AC82C6}.Release|Any CPU.Build.0 = Release|Any CPU
	EndGlobalSection
	GlobalSection(SolutionProperties) = preSolution
		HideSolutionNode = FALSE
	EndGlobalSection
	GlobalSection(ExtensibilityGlobals) = postSolution
		SolutionGuid = {39CF6054-6A9A-4CBA-869C-830D0FC7C72A}
	EndGlobalSection
EndGlobal
